
Microsoft Visual Studio Solution File, Format Version 12.00
# Visual Studio Version 16
VisualStudioVersion = 16.0.29709.97
MinimumVisualStudioVersion = 10.0.40219.1
Project("{FAE04EC0-301F-11D3-BF4B-00C04F79EFBC}") = "Colonize.Website", "Colonize.Website\Colonize.Website.csproj", "{45F966EB-C10D-4837-8EF8-B597CE1C2890}"
EndProject
Global
	GlobalSection(SolutionConfigurationPlatforms) = preSolution
		Debug|Any CPU = Debug|Any CPU
		Release|Any CPU = Release|Any CPU
	EndGlobalSection
	GlobalSection(ProjectConfigurationPlatforms) = postSolution
		{45F966EB-C10D-4837-8EF8-B597CE1C2890}.Debug|Any CPU.ActiveCfg = Debug|Any CPU
		{45F966EB-C10D-4837-8EF8-B597CE1C2890}.Debug|Any CPU.Build.0 = Debug|Any CPU
		{45F966EB-C10D-4837-8EF8-B597CE1C2890}.Release|Any CPU.ActiveCfg = Release|Any CPU
		{45F966EB-C10D-4837-8EF8-B597CE1C2890}.Release|Any CPU.Build.0 = Release|Any CPU
	EndGlobalSection
	GlobalSection(SolutionProperties) = preSolution
		HideSolutionNode = FALSE
	EndGlobalSection
	GlobalSection(ExtensibilityGlobals) = postSolution
		SolutionGuid = {B55F8BCC-6C12-4025-A424-34F03BEFA6B9}
	EndGlobalSection
EndGlobal
